
Microsoft Visual Studio Solution File, Format Version 12.00
# Visual Studio Version 17
VisualStudioVersion = 17.13.35931.197 d17.13
MinimumVisualStudioVersion = 10.0.40219.1
Project("{FAE04EC0-301F-11D3-BF4B-00C04F79EFBC}") = "FitManage", "FitManage.csproj", "{D773E89B-5E5D-481A-AFB2-4DA720E22E98}"
EndProject
Global
	GlobalSection(SolutionConfigurationPlatforms) = preSolution
		Debug|Any CPU = Debug|Any CPU
		Release|Any CPU = Release|Any CPU
	EndGlobalSection
	GlobalSection(ProjectConfigurationPlatforms) = postSolution
		{D773E89B-5E5D-481A-AFB2-4DA720E22E98}.Debug|Any CPU.ActiveCfg = Debug|Any CPU
		{D773E89B-5E5D-481A-AFB2-4DA720E22E98}.Debug|Any CPU.Build.0 = Debug|Any CPU
		{D773E89B-5E5D-481A-AFB2-4DA720E22E98}.Release|Any CPU.ActiveCfg = Release|Any CPU
		{D773E89B-5E5D-481A-AFB2-4DA720E22E98}.Release|Any CPU.Build.0 = Release|Any CPU
	EndGlobalSection
	GlobalSection(SolutionProperties) = preSolution
		HideSolutionNode = FALSE
	EndGlobalSection
	GlobalSection(ExtensibilityGlobals) = postSolution
		SolutionGuid = {E2EF9B90-A686-48DD-A94F-968FA0815B9E}
	EndGlobalSection
EndGlobal
